
Microsoft Visual Studio Solution File, Format Version 12.00
# Visual Studio Version 17
VisualStudioVersion = 17.0.32126.317
MinimumVisualStudioVersion = 10.0.40219.1
Project("{FAE04EC0-301F-11D3-BF4B-00C04F79EFBC}") = "SandboxWebApi", "SandboxWebApi\SandboxWebApi.csproj", "{FBE0F3C4-CCA6-4D6F-AA40-DD612F131E38}"
EndProject
Global
	GlobalSection(SolutionConfigurationPlatforms) = preSolution
		Debug|Any CPU = Debug|Any CPU
		Release|Any CPU = Release|Any CPU
	EndGlobalSection
	GlobalSection(ProjectConfigurationPlatforms) = postSolution
		{FBE0F3C4-CCA6-4D6F-AA40-DD612F131E38}.Debug|Any CPU.ActiveCfg = Debug|Any CPU
		{FBE0F3C4-CCA6-4D6F-AA40-DD612F131E38}.Debug|Any CPU.Build.0 = Debug|Any CPU
		{FBE0F3C4-CCA6-4D6F-AA40-DD612F131E38}.Release|Any CPU.ActiveCfg = Release|Any CPU
		{FBE0F3C4-CCA6-4D6F-AA40-DD612F131E38}.Release|Any CPU.Build.0 = Release|Any CPU
	EndGlobalSection
	GlobalSection(SolutionProperties) = preSolution
		HideSolutionNode = FALSE
	EndGlobalSection
	GlobalSection(ExtensibilityGlobals) = postSolution
		SolutionGuid = {261F7DDA-DF53-4947-9F60-CAF75D93FD2E}
	EndGlobalSection
EndGlobal
